
Microsoft Visual Studio Solution File, Format Version 12.00
# Visual Studio Version 17
VisualStudioVersion = 17.6.33829.357
MinimumVisualStudioVersion = 10.0.40219.1
Project("{FAE04EC0-301F-11D3-BF4B-00C04F79EFBC}") = "Csharp form", "Csharp form.csproj", "{730E181A-0086-487A-AD65-AA4D4FCF808E}"
EndProject
Global
	GlobalSection(SolutionConfigurationPlatforms) = preSolution
		Debug|Any CPU = Debug|Any CPU
		Release|Any CPU = Release|Any CPU
	EndGlobalSection
	GlobalSection(ProjectConfigurationPlatforms) = postSolution
		{730E181A-0086-487A-AD65-AA4D4FCF808E}.Debug|Any CPU.ActiveCfg = Debug|Any CPU
		{730E181A-0086-487A-AD65-AA4D4FCF808E}.Debug|Any CPU.Build.0 = Debug|Any CPU
		{730E181A-0086-487A-AD65-AA4D4FCF808E}.Release|Any CPU.ActiveCfg = Release|Any CPU
		{730E181A-0086-487A-AD65-AA4D4FCF808E}.Release|Any CPU.Build.0 = Release|Any CPU
	EndGlobalSection
	GlobalSection(SolutionProperties) = preSolution
		HideSolutionNode = FALSE
	EndGlobalSection
	GlobalSection(ExtensibilityGlobals) = postSolution
		SolutionGuid = {D20422FB-F89D-49D7-8E84-6BE73B660641}
	EndGlobalSection
EndGlobal
